{
  "nodes": {
    "nixpkgs": {
      "locked": {
        "lastModified": 1775403759,
        "narHash": "sha256-cGyKiTspHEUx3QwAnV3RfyT+VOXhHLs+NEr17HU34Wo=",
        "owner": "NixOS",
        "repo": "nixpkgs",
        "rev": "5e11f7acce6c3469bef9df154d78534fa7ae8b6c",
        "type": "github"
      },
      "original": {
        "owner": "NixOS",
        "ref": "nixpkgs-unstable",
        "repo": "nixpkgs",
        "type": "github"
      }
    },
    "root": {
      "inputs": {
        "nixpkgs": "nixpkgs",
        "zmk-nix": "zmk-nix"
      }
    },
    "zmk-nix": {
      "inputs": {
        "nixpkgs": [
          "nixpkgs"
        ]
      },
      "locked": {
        "lastModified": 1775350828,
        "narHash": "sha256-oxpuU2xTlTU6GkbMFDVtlfz+M8ZY8TqiZwLLM8CRS10=",
        "owner": "lilyinstarlight",
        "repo": "zmk-nix",
        "rev": "88d98605264f3f3a0bc3607a1eafb89b53905f91",
        "type": "github"
      },
      "original": {
        "owner": "lilyinstarlight",
        "repo": "zmk-nix",
        "type": "github"
      }
    }
  },
  "root": "root",
  "version": 7
}
